
Microsoft Visual Studio Solution File, Format Version 12.00
# Visual Studio 14
VisualStudioVersion = 14.0.25420.1
MinimumVisualStudioVersion = 10.0.40219.1
Project("{FAE04EC0-301F-11D3-BF4B-00C04F79EFBC}") = "GoogleReCaptchaV2Validator", "GoogleReCaptchaV2Validator\GoogleReCaptchaV2Validator.csproj", "{13B1C815-B33D-406A-8BB7-D24FF834130F}"
EndProject
Project("{FAE04EC0-301F-11D3-BF4B-00C04F79EFBC}") = "ValidateWithActionFilter", "ValidateWithActionFilter\ValidateWithActionFilter.csproj", "{227A34C4-4BE9-4699-A050-6E8B2EE71351}"
EndProject
Global
	GlobalSection(SolutionConfigurationPlatforms) = preSolution
		Debug|Any CPU = Debug|Any CPU
		Release|Any CPU = Release|Any CPU
	EndGlobalSection
	GlobalSection(ProjectConfigurationPlatforms) = postSolution
		{13B1C815-B33D-406A-8BB7-D24FF834130F}.Debug|Any CPU.ActiveCfg = Debug|Any CPU
		{13B1C815-B33D-406A-8BB7-D24FF834130F}.Debug|Any CPU.Build.0 = Debug|Any CPU
		{13B1C815-B33D-406A-8BB7-D24FF834130F}.Release|Any CPU.ActiveCfg = Release|Any CPU
		{13B1C815-B33D-406A-8BB7-D24FF834130F}.Release|Any CPU.Build.0 = Release|Any CPU
		{227A34C4-4BE9-4699-A050-6E8B2EE71351}.Debug|Any CPU.ActiveCfg = Debug|Any CPU
		{227A34C4-4BE9-4699-A050-6E8B2EE71351}.Debug|Any CPU.Build.0 = Debug|Any CPU
		{227A34C4-4BE9-4699-A050-6E8B2EE71351}.Release|Any CPU.ActiveCfg = Release|Any CPU
		{227A34C4-4BE9-4699-A050-6E8B2EE71351}.Release|Any CPU.Build.0 = Release|Any CPU
	EndGlobalSection
	GlobalSection(SolutionProperties) = preSolution
		HideSolutionNode = FALSE
	EndGlobalSection
EndGlobal
